
Microsoft Visual Studio Solution File, Format Version 12.00
# Visual Studio Version 17
VisualStudioVersion = 17.3.32819.101
MinimumVisualStudioVersion = 10.0.40219.1
Project("{FAE04EC0-301F-11D3-BF4B-00C04F79EFBC}") = "ci_automation_enterpriseportalui", "ci_automation_enterpriseportalui.csproj", "{55D7FB83-B1AB-4FCE-A82C-207040BC1FD1}"
EndProject
Global
	GlobalSection(SolutionConfigurationPlatforms) = preSolution
		Debug|Any CPU = Debug|Any CPU
		Release|Any CPU = Release|Any CPU
	EndGlobalSection
	GlobalSection(ProjectConfigurationPlatforms) = postSolution
		{55D7FB83-B1AB-4FCE-A82C-207040BC1FD1}.Debug|Any CPU.ActiveCfg = Debug|Any CPU
		{55D7FB83-B1AB-4FCE-A82C-207040BC1FD1}.Debug|Any CPU.Build.0 = Debug|Any CPU
		{55D7FB83-B1AB-4FCE-A82C-207040BC1FD1}.Release|Any CPU.ActiveCfg = Release|Any CPU
		{55D7FB83-B1AB-4FCE-A82C-207040BC1FD1}.Release|Any CPU.Build.0 = Release|Any CPU
	EndGlobalSection
	GlobalSection(SolutionProperties) = preSolution
		HideSolutionNode = FALSE
	EndGlobalSection
	GlobalSection(ExtensibilityGlobals) = postSolution
		SolutionGuid = {74F0F712-36E1-441B-9CC7-059748E87021}
	EndGlobalSection
EndGlobal
